
Microsoft Visual Studio Solution File, Format Version 12.00
# Visual Studio Version 16
VisualStudioVersion = 16.0.30517.126
MinimumVisualStudioVersion = 10.0.40219.1
Project("{9A19103F-16F7-4668-BE54-9A1E7A4F7556}") = "Cqc.Orchard.SampleSite", "Cqc.Orchard.SampleSite\Cqc.Orchard.SampleSite.csproj", "{0063D1BC-BE67-45D7-B491-3E469DAD21E9}"
EndProject
Project("{9A19103F-16F7-4668-BE54-9A1E7A4F7556}") = "Cqc.Orchard.GdsAdminTheme", "Cqc.Orchard.GdsAdminTheme\Cqc.Orchard.GdsAdminTheme.csproj", "{1FE9F87D-1E0E-4C14-8B34-2C2C2CC26BBF}"
EndProject
Global
	GlobalSection(SolutionConfigurationPlatforms) = preSolution
		Debug|Any CPU = Debug|Any CPU
		Release|Any CPU = Release|Any CPU
	EndGlobalSection
	GlobalSection(ProjectConfigurationPlatforms) = postSolution
		{0063D1BC-BE67-45D7-B491-3E469DAD21E9}.Debug|Any CPU.ActiveCfg = Debug|Any CPU
		{0063D1BC-BE67-45D7-B491-3E469DAD21E9}.Debug|Any CPU.Build.0 = Debug|Any CPU
		{0063D1BC-BE67-45D7-B491-3E469DAD21E9}.Release|Any CPU.ActiveCfg = Release|Any CPU
		{0063D1BC-BE67-45D7-B491-3E469DAD21E9}.Release|Any CPU.Build.0 = Release|Any CPU
		{1FE9F87D-1E0E-4C14-8B34-2C2C2CC26BBF}.Debug|Any CPU.ActiveCfg = Debug|Any CPU
		{1FE9F87D-1E0E-4C14-8B34-2C2C2CC26BBF}.Debug|Any CPU.Build.0 = Debug|Any CPU
		{1FE9F87D-1E0E-4C14-8B34-2C2C2CC26BBF}.Release|Any CPU.ActiveCfg = Release|Any CPU
		{1FE9F87D-1E0E-4C14-8B34-2C2C2CC26BBF}.Release|Any CPU.Build.0 = Release|Any CPU
	EndGlobalSection
	GlobalSection(SolutionProperties) = preSolution
		HideSolutionNode = FALSE
	EndGlobalSection
	GlobalSection(ExtensibilityGlobals) = postSolution
		SolutionGuid = {6819B504-2500-4CE0-B89B-FA84EFE8E65A}
	EndGlobalSection
EndGlobal
