
Microsoft Visual Studio Solution File, Format Version 12.00
# Visual Studio Version 16
VisualStudioVersion = 16.0.30517.126
MinimumVisualStudioVersion = 10.0.40219.1
Project("{9A19103F-16F7-4668-BE54-9A1E7A4F7556}") = "Cqc.Orchard.SampleSite", "Cqc.Orchard.SampleSite\Cqc.Orchard.SampleSite.csproj", "{0063D1BC-BE67-45D7-B491-3E469DAD21E9}"
EndProject
Project("{9A19103F-16F7-4668-BE54-9A1E7A4F7556}") = "Cqc.Orchard.GdsAdminTheme", "Cqc.Orchard.GdsAdminTheme\Cqc.Orchard.GdsAdminTheme.csproj", "{1FE9F87D-1E0E-4C14-8B34-2C2C2CC26BBF}"
EndProject
Project("{2150E333-8FDC-42A3-9474-1A3956D46DE8}") = "Themes", "Themes", "{94BBB4A9-3EF0-4DB1-9F41-C9B5471CA644}"
EndProject
Project("{9A19103F-16F7-4668-BE54-9A1E7A4F7556}") = "Cqc.Orchard.GdsTheme", "Cqc.Orchard.GdsTheme\Cqc.Orchard.GdsTheme.csproj", "{845EACF6-69EB-4AE8-BD78-6C611F7F2269}"
EndProject
Project("{2150E333-8FDC-42A3-9474-1A3956D46DE8}") = "Solution", "Solution", "{A4F746E4-9A6F-4828-9AFA-E04848E79B5B}"
	ProjectSection(SolutionItems) = preProject
		.gitignore = .gitignore
		LICENSE = LICENSE
		package.json = package.json
		README.md = README.md
	EndProjectSection
EndProject
Global
	GlobalSection(SolutionConfigurationPlatforms) = preSolution
		Debug|Any CPU = Debug|Any CPU
		Release|Any CPU = Release|Any CPU
	EndGlobalSection
	GlobalSection(ProjectConfigurationPlatforms) = postSolution
		{0063D1BC-BE67-45D7-B491-3E469DAD21E9}.Debug|Any CPU.ActiveCfg = Debug|Any CPU
		{0063D1BC-BE67-45D7-B491-3E469DAD21E9}.Debug|Any CPU.Build.0 = Debug|Any CPU
		{0063D1BC-BE67-45D7-B491-3E469DAD21E9}.Release|Any CPU.ActiveCfg = Release|Any CPU
		{0063D1BC-BE67-45D7-B491-3E469DAD21E9}.Release|Any CPU.Build.0 = Release|Any CPU
		{1FE9F87D-1E0E-4C14-8B34-2C2C2CC26BBF}.Debug|Any CPU.ActiveCfg = Debug|Any CPU
		{1FE9F87D-1E0E-4C14-8B34-2C2C2CC26BBF}.Debug|Any CPU.Build.0 = Debug|Any CPU
		{1FE9F87D-1E0E-4C14-8B34-2C2C2CC26BBF}.Release|Any CPU.ActiveCfg = Release|Any CPU
		{1FE9F87D-1E0E-4C14-8B34-2C2C2CC26BBF}.Release|Any CPU.Build.0 = Release|Any CPU
		{845EACF6-69EB-4AE8-BD78-6C611F7F2269}.Debug|Any CPU.ActiveCfg = Debug|Any CPU
		{845EACF6-69EB-4AE8-BD78-6C611F7F2269}.Debug|Any CPU.Build.0 = Debug|Any CPU
		{845EACF6-69EB-4AE8-BD78-6C611F7F2269}.Release|Any CPU.ActiveCfg = Release|Any CPU
		{845EACF6-69EB-4AE8-BD78-6C611F7F2269}.Release|Any CPU.Build.0 = Release|Any CPU
	EndGlobalSection
	GlobalSection(SolutionProperties) = preSolution
		HideSolutionNode = FALSE
	EndGlobalSection
	GlobalSection(NestedProjects) = preSolution
		{1FE9F87D-1E0E-4C14-8B34-2C2C2CC26BBF} = {94BBB4A9-3EF0-4DB1-9F41-C9B5471CA644}
		{845EACF6-69EB-4AE8-BD78-6C611F7F2269} = {94BBB4A9-3EF0-4DB1-9F41-C9B5471CA644}
	EndGlobalSection
	GlobalSection(ExtensibilityGlobals) = postSolution
		SolutionGuid = {6819B504-2500-4CE0-B89B-FA84EFE8E65A}
	EndGlobalSection
EndGlobal
